
Microsoft Visual Studio Solution File, Format Version 12.00
# Visual Studio Version 17
VisualStudioVersion = 17.9.34723.18
MinimumVisualStudioVersion = 10.0.40219.1
Project("{FAE04EC0-301F-11D3-BF4B-00C04F79EFBC}") = "WillCome", "WillCome\WillCome.csproj", "{2A3EADB0-3F0E-4B70-8BD9-B6DE88D8EFC6}"
EndProject
Project("{FAE04EC0-301F-11D3-BF4B-00C04F79EFBC}") = "ModalWindow", "ModalWindow\ModalWindow.csproj", "{91B163ED-5FE0-409A-BC95-BDA7DAA4C050}"
EndProject
Project("{FAE04EC0-301F-11D3-BF4B-00C04F79EFBC}") = "Theme", "Theme\Theme.csproj", "{88A908FB-2EA0-4CAD-95B1-3D17622852D7}"
EndProject
Project("{2150E333-8FDC-42A3-9474-1A3956D46DE8}") = "Элементы решения", "Элементы решения", "{4203E732-2AFA-4B88-ACD3-A4E595351C36}"
	ProjectSection(SolutionItems) = preProject
		.gitignore = .gitignore
	EndProjectSection
EndProject
Global
	GlobalSection(SolutionConfigurationPlatforms) = preSolution
		Debug|Any CPU = Debug|Any CPU
		Release|Any CPU = Release|Any CPU
	EndGlobalSection
	GlobalSection(ProjectConfigurationPlatforms) = postSolution
		{2A3EADB0-3F0E-4B70-8BD9-B6DE88D8EFC6}.Debug|Any CPU.ActiveCfg = Debug|Any CPU
		{2A3EADB0-3F0E-4B70-8BD9-B6DE88D8EFC6}.Debug|Any CPU.Build.0 = Debug|Any CPU
		{2A3EADB0-3F0E-4B70-8BD9-B6DE88D8EFC6}.Release|Any CPU.ActiveCfg = Release|Any CPU
		{2A3EADB0-3F0E-4B70-8BD9-B6DE88D8EFC6}.Release|Any CPU.Build.0 = Release|Any CPU
		{91B163ED-5FE0-409A-BC95-BDA7DAA4C050}.Debug|Any CPU.ActiveCfg = Debug|Any CPU
		{91B163ED-5FE0-409A-BC95-BDA7DAA4C050}.Debug|Any CPU.Build.0 = Debug|Any CPU
		{91B163ED-5FE0-409A-BC95-BDA7DAA4C050}.Release|Any CPU.ActiveCfg = Release|Any CPU
		{91B163ED-5FE0-409A-BC95-BDA7DAA4C050}.Release|Any CPU.Build.0 = Release|Any CPU
		{88A908FB-2EA0-4CAD-95B1-3D17622852D7}.Debug|Any CPU.ActiveCfg = Debug|Any CPU
		{88A908FB-2EA0-4CAD-95B1-3D17622852D7}.Debug|Any CPU.Build.0 = Debug|Any CPU
		{88A908FB-2EA0-4CAD-95B1-3D17622852D7}.Release|Any CPU.ActiveCfg = Release|Any CPU
		{88A908FB-2EA0-4CAD-95B1-3D17622852D7}.Release|Any CPU.Build.0 = Release|Any CPU
	EndGlobalSection
	GlobalSection(SolutionProperties) = preSolution
		HideSolutionNode = FALSE
	EndGlobalSection
	GlobalSection(ExtensibilityGlobals) = postSolution
		SolutionGuid = {B9B405FD-2CA4-497B-86B3-59700DE33FEF}
	EndGlobalSection
EndGlobal
